
Microsoft Visual Studio Solution File, Format Version 12.00
# Visual Studio Version 17
VisualStudioVersion = 17.0.31903.59
MinimumVisualStudioVersion = 10.0.40219.1
Project("{2150E333-8FDC-42A3-9474-1A3956D46DE8}") = "src", "src", "{31855BBD-01D6-4995-9977-6CA44491D174}"
EndProject
Project("{2150E333-8FDC-42A3-9474-1A3956D46DE8}") = "root", "root", "{EFAFA1A7-41D3-40ED-9232-42CCE21E72C2}"
	ProjectSection(SolutionItems) = preProject
		.gitignore = .gitignore
		Directory.Build.props = Directory.Build.props
		global.json = global.json
		LICENSE.md = LICENSE.md
		publish.ps1 = publish.ps1
		README.md = README.md
		version.json = version.json
	EndProjectSection
EndProject
Project("{9A19103F-16F7-4668-BE54-9A1E7A4F7556}") = "FoodOnline", "src\FoodOnline\FoodOnline.csproj", "{2F373E5C-7FBB-4E28-AF2C-21C6B1EB34BF}"
EndProject
Project("{9A19103F-16F7-4668-BE54-9A1E7A4F7556}") = "FoodOnline.Infra", "src\FoodOnline.Infra\FoodOnline.Infra.csproj", "{8AE096E1-53E8-41C4-A4E5-77A91A4DA8DE}"
EndProject
Project("{9A19103F-16F7-4668-BE54-9A1E7A4F7556}") = "FoodOnline.WebAPI", "src\FoodOnline.WebAPI\FoodOnline.WebAPI.csproj", "{194171EF-F863-4C7B-A899-EB31BD5F1D20}"
EndProject
Project("{9A19103F-16F7-4668-BE54-9A1E7A4F7556}") = "ConsoleApp", "src\ConsoleApp\ConsoleApp.csproj", "{FEEB1383-7055-4606-8456-809315F0E0F7}"
EndProject
Global
	GlobalSection(SolutionConfigurationPlatforms) = preSolution
		Debug|Any CPU = Debug|Any CPU
		Release|Any CPU = Release|Any CPU
	EndGlobalSection
	GlobalSection(ProjectConfigurationPlatforms) = postSolution
		{2F373E5C-7FBB-4E28-AF2C-21C6B1EB34BF}.Debug|Any CPU.ActiveCfg = Debug|Any CPU
		{2F373E5C-7FBB-4E28-AF2C-21C6B1EB34BF}.Debug|Any CPU.Build.0 = Debug|Any CPU
		{2F373E5C-7FBB-4E28-AF2C-21C6B1EB34BF}.Release|Any CPU.ActiveCfg = Release|Any CPU
		{2F373E5C-7FBB-4E28-AF2C-21C6B1EB34BF}.Release|Any CPU.Build.0 = Release|Any CPU
		{8AE096E1-53E8-41C4-A4E5-77A91A4DA8DE}.Debug|Any CPU.ActiveCfg = Debug|Any CPU
		{8AE096E1-53E8-41C4-A4E5-77A91A4DA8DE}.Debug|Any CPU.Build.0 = Debug|Any CPU
		{8AE096E1-53E8-41C4-A4E5-77A91A4DA8DE}.Release|Any CPU.ActiveCfg = Release|Any CPU
		{8AE096E1-53E8-41C4-A4E5-77A91A4DA8DE}.Release|Any CPU.Build.0 = Release|Any CPU
		{194171EF-F863-4C7B-A899-EB31BD5F1D20}.Debug|Any CPU.ActiveCfg = Debug|Any CPU
		{194171EF-F863-4C7B-A899-EB31BD5F1D20}.Debug|Any CPU.Build.0 = Debug|Any CPU
		{194171EF-F863-4C7B-A899-EB31BD5F1D20}.Release|Any CPU.ActiveCfg = Release|Any CPU
		{194171EF-F863-4C7B-A899-EB31BD5F1D20}.Release|Any CPU.Build.0 = Release|Any CPU
		{FEEB1383-7055-4606-8456-809315F0E0F7}.Debug|Any CPU.ActiveCfg = Debug|Any CPU
		{FEEB1383-7055-4606-8456-809315F0E0F7}.Debug|Any CPU.Build.0 = Debug|Any CPU
		{FEEB1383-7055-4606-8456-809315F0E0F7}.Release|Any CPU.ActiveCfg = Release|Any CPU
		{FEEB1383-7055-4606-8456-809315F0E0F7}.Release|Any CPU.Build.0 = Release|Any CPU
	EndGlobalSection
	GlobalSection(SolutionProperties) = preSolution
		HideSolutionNode = FALSE
	EndGlobalSection
	GlobalSection(NestedProjects) = preSolution
		{2F373E5C-7FBB-4E28-AF2C-21C6B1EB34BF} = {31855BBD-01D6-4995-9977-6CA44491D174}
		{8AE096E1-53E8-41C4-A4E5-77A91A4DA8DE} = {31855BBD-01D6-4995-9977-6CA44491D174}
		{194171EF-F863-4C7B-A899-EB31BD5F1D20} = {31855BBD-01D6-4995-9977-6CA44491D174}
		{FEEB1383-7055-4606-8456-809315F0E0F7} = {31855BBD-01D6-4995-9977-6CA44491D174}
	EndGlobalSection
	GlobalSection(ExtensibilityGlobals) = postSolution
		SolutionGuid = {D11CE247-5FC4-4472-9913-48B1160B8260}
	EndGlobalSection
EndGlobal
