
Microsoft Visual Studio Solution File, Format Version 12.00
# Visual Studio Version 17
VisualStudioVersion = 17.0.31903.59
MinimumVisualStudioVersion = 10.0.40219.1
Project("{2150E333-8FDC-42A3-9474-1A3956D46DE8}") = "src", "src", "{31855BBD-01D6-4995-9977-6CA44491D174}"
EndProject
Project("{2150E333-8FDC-42A3-9474-1A3956D46DE8}") = "root", "root", "{EFAFA1A7-41D3-40ED-9232-42CCE21E72C2}"
	ProjectSection(SolutionItems) = preProject
		.editorconfig = .editorconfig
		.gitignore = .gitignore
		Directory.Build.props = Directory.Build.props
		global.json = global.json
		LICENSE.md = LICENSE.md
		publish.ps1 = publish.ps1
		README.md = README.md
		version.json = version.json
	EndProjectSection
EndProject
Project("{9A19103F-16F7-4668-BE54-9A1E7A4F7556}") = "FoodOnline", "src\FoodOnline\FoodOnline.csproj", "{2F373E5C-7FBB-4E28-AF2C-21C6B1EB34BF}"
EndProject
Project("{9A19103F-16F7-4668-BE54-9A1E7A4F7556}") = "FoodOnline.WebAPI", "src\FoodOnline.WebAPI\FoodOnline.WebAPI.csproj", "{194171EF-F863-4C7B-A899-EB31BD5F1D20}"
EndProject
Project("{9A19103F-16F7-4668-BE54-9A1E7A4F7556}") = "ConsoleApp", "src\ConsoleApp\ConsoleApp.csproj", "{FEEB1383-7055-4606-8456-809315F0E0F7}"
EndProject
Project("{2150E333-8FDC-42A3-9474-1A3956D46DE8}") = "tools", "tools", "{CCB1942F-4DC5-4CEE-9D62-EE33493C9933}"
EndProject
Project("{9A19103F-16F7-4668-BE54-9A1E7A4F7556}") = "TailwindCSS", "tools\TailwindCSS\TailwindCSS.csproj", "{DDD9DEAE-5DDF-4160-8F7B-4D2277EE09B6}"
EndProject
Project("{9A19103F-16F7-4668-BE54-9A1E7A4F7556}") = "FoodOnline.UI.Web", "src\FoodOnline.UI.Web\FoodOnline.UI.Web.csproj", "{84DE524C-A6CF-41E0-928B-649C60174A2C}"
EndProject
Project("{9A19103F-16F7-4668-BE54-9A1E7A4F7556}") = "FoodOnline.App.MongoDb", "src\FoodOnline.App.MongoDb\FoodOnline.App.MongoDb.csproj", "{B0B7D525-0335-4E4E-BBEB-977D85E6514B}"
EndProject
Project("{2150E333-8FDC-42A3-9474-1A3956D46DE8}") = "src_id", "src_id", "{43345D8C-EDD8-4177-B1C1-AFDBE713909B}"
EndProject
Project("{9A19103F-16F7-4668-BE54-9A1E7A4F7556}") = "Identity", "src\Identity\Identity.csproj", "{D002DBDD-D03A-480A-B648-4E3675D0B6B5}"
EndProject
Project("{9A19103F-16F7-4668-BE54-9A1E7A4F7556}") = "Identity.App.MongoDb", "src\Identity.App.MongoDb\Identity.App.MongoDb.csproj", "{47A698A3-C497-4D63-A397-4735CD3D2F90}"
EndProject
Project("{9A19103F-16F7-4668-BE54-9A1E7A4F7556}") = "Identity.UI.Web", "src\Identity.UI.Web\Identity.UI.Web.csproj", "{DFF3BFBE-7F80-48A0-B5CA-4687AF63979C}"
EndProject
Project("{2150E333-8FDC-42A3-9474-1A3956D46DE8}") = "src_core", "src_core", "{4A10A11E-22E4-4A1F-8128-46A9A55580D7}"
EndProject
Project("{9A19103F-16F7-4668-BE54-9A1E7A4F7556}") = "Core", "src-modules\Core\src\Core\Core.csproj", "{83E53E9C-C9D2-4821-A4F5-5DBB1918CC0A}"
EndProject
Project("{9A19103F-16F7-4668-BE54-9A1E7A4F7556}") = "Core.App", "src-modules\Core\src\Core.App\Core.App.csproj", "{E0FB8E4B-70E2-448A-B299-E8EFB61123F4}"
EndProject
Project("{9A19103F-16F7-4668-BE54-9A1E7A4F7556}") = "Core.App.MongoDb", "src-modules\Core\src\Core.App.MongoDb\Core.App.MongoDb.csproj", "{4A52E30D-B513-494D-84DD-EE8A7A4272D9}"
EndProject
Project("{9A19103F-16F7-4668-BE54-9A1E7A4F7556}") = "Core.Web", "src-modules\Core\src\Core.Web\Core.Web.csproj", "{19201FD3-2918-4487-B84A-0541B8FA2777}"
EndProject
Global
	GlobalSection(SolutionConfigurationPlatforms) = preSolution
		Debug|Any CPU = Debug|Any CPU
		Release|Any CPU = Release|Any CPU
	EndGlobalSection
	GlobalSection(ProjectConfigurationPlatforms) = postSolution
		{2F373E5C-7FBB-4E28-AF2C-21C6B1EB34BF}.Debug|Any CPU.ActiveCfg = Debug|Any CPU
		{2F373E5C-7FBB-4E28-AF2C-21C6B1EB34BF}.Debug|Any CPU.Build.0 = Debug|Any CPU
		{2F373E5C-7FBB-4E28-AF2C-21C6B1EB34BF}.Release|Any CPU.ActiveCfg = Release|Any CPU
		{2F373E5C-7FBB-4E28-AF2C-21C6B1EB34BF}.Release|Any CPU.Build.0 = Release|Any CPU
		{194171EF-F863-4C7B-A899-EB31BD5F1D20}.Debug|Any CPU.ActiveCfg = Debug|Any CPU
		{194171EF-F863-4C7B-A899-EB31BD5F1D20}.Debug|Any CPU.Build.0 = Debug|Any CPU
		{194171EF-F863-4C7B-A899-EB31BD5F1D20}.Release|Any CPU.ActiveCfg = Release|Any CPU
		{194171EF-F863-4C7B-A899-EB31BD5F1D20}.Release|Any CPU.Build.0 = Release|Any CPU
		{FEEB1383-7055-4606-8456-809315F0E0F7}.Debug|Any CPU.ActiveCfg = Debug|Any CPU
		{FEEB1383-7055-4606-8456-809315F0E0F7}.Debug|Any CPU.Build.0 = Debug|Any CPU
		{FEEB1383-7055-4606-8456-809315F0E0F7}.Release|Any CPU.ActiveCfg = Release|Any CPU
		{FEEB1383-7055-4606-8456-809315F0E0F7}.Release|Any CPU.Build.0 = Release|Any CPU
		{DDD9DEAE-5DDF-4160-8F7B-4D2277EE09B6}.Debug|Any CPU.ActiveCfg = Debug|Any CPU
		{DDD9DEAE-5DDF-4160-8F7B-4D2277EE09B6}.Debug|Any CPU.Build.0 = Debug|Any CPU
		{DDD9DEAE-5DDF-4160-8F7B-4D2277EE09B6}.Release|Any CPU.ActiveCfg = Release|Any CPU
		{DDD9DEAE-5DDF-4160-8F7B-4D2277EE09B6}.Release|Any CPU.Build.0 = Release|Any CPU
		{84DE524C-A6CF-41E0-928B-649C60174A2C}.Debug|Any CPU.ActiveCfg = Debug|Any CPU
		{84DE524C-A6CF-41E0-928B-649C60174A2C}.Debug|Any CPU.Build.0 = Debug|Any CPU
		{84DE524C-A6CF-41E0-928B-649C60174A2C}.Release|Any CPU.ActiveCfg = Release|Any CPU
		{84DE524C-A6CF-41E0-928B-649C60174A2C}.Release|Any CPU.Build.0 = Release|Any CPU
		{B0B7D525-0335-4E4E-BBEB-977D85E6514B}.Debug|Any CPU.ActiveCfg = Debug|Any CPU
		{B0B7D525-0335-4E4E-BBEB-977D85E6514B}.Debug|Any CPU.Build.0 = Debug|Any CPU
		{B0B7D525-0335-4E4E-BBEB-977D85E6514B}.Release|Any CPU.ActiveCfg = Release|Any CPU
		{B0B7D525-0335-4E4E-BBEB-977D85E6514B}.Release|Any CPU.Build.0 = Release|Any CPU
		{D002DBDD-D03A-480A-B648-4E3675D0B6B5}.Debug|Any CPU.ActiveCfg = Debug|Any CPU
		{D002DBDD-D03A-480A-B648-4E3675D0B6B5}.Debug|Any CPU.Build.0 = Debug|Any CPU
		{D002DBDD-D03A-480A-B648-4E3675D0B6B5}.Release|Any CPU.ActiveCfg = Release|Any CPU
		{D002DBDD-D03A-480A-B648-4E3675D0B6B5}.Release|Any CPU.Build.0 = Release|Any CPU
		{47A698A3-C497-4D63-A397-4735CD3D2F90}.Debug|Any CPU.ActiveCfg = Debug|Any CPU
		{47A698A3-C497-4D63-A397-4735CD3D2F90}.Debug|Any CPU.Build.0 = Debug|Any CPU
		{47A698A3-C497-4D63-A397-4735CD3D2F90}.Release|Any CPU.ActiveCfg = Release|Any CPU
		{47A698A3-C497-4D63-A397-4735CD3D2F90}.Release|Any CPU.Build.0 = Release|Any CPU
		{DFF3BFBE-7F80-48A0-B5CA-4687AF63979C}.Debug|Any CPU.ActiveCfg = Debug|Any CPU
		{DFF3BFBE-7F80-48A0-B5CA-4687AF63979C}.Debug|Any CPU.Build.0 = Debug|Any CPU
		{DFF3BFBE-7F80-48A0-B5CA-4687AF63979C}.Release|Any CPU.ActiveCfg = Release|Any CPU
		{DFF3BFBE-7F80-48A0-B5CA-4687AF63979C}.Release|Any CPU.Build.0 = Release|Any CPU
		{83E53E9C-C9D2-4821-A4F5-5DBB1918CC0A}.Debug|Any CPU.ActiveCfg = Debug|Any CPU
		{83E53E9C-C9D2-4821-A4F5-5DBB1918CC0A}.Debug|Any CPU.Build.0 = Debug|Any CPU
		{83E53E9C-C9D2-4821-A4F5-5DBB1918CC0A}.Release|Any CPU.ActiveCfg = Release|Any CPU
		{83E53E9C-C9D2-4821-A4F5-5DBB1918CC0A}.Release|Any CPU.Build.0 = Release|Any CPU
		{E0FB8E4B-70E2-448A-B299-E8EFB61123F4}.Debug|Any CPU.ActiveCfg = Debug|Any CPU
		{E0FB8E4B-70E2-448A-B299-E8EFB61123F4}.Debug|Any CPU.Build.0 = Debug|Any CPU
		{E0FB8E4B-70E2-448A-B299-E8EFB61123F4}.Release|Any CPU.ActiveCfg = Release|Any CPU
		{E0FB8E4B-70E2-448A-B299-E8EFB61123F4}.Release|Any CPU.Build.0 = Release|Any CPU
		{4A52E30D-B513-494D-84DD-EE8A7A4272D9}.Debug|Any CPU.ActiveCfg = Debug|Any CPU
		{4A52E30D-B513-494D-84DD-EE8A7A4272D9}.Debug|Any CPU.Build.0 = Debug|Any CPU
		{4A52E30D-B513-494D-84DD-EE8A7A4272D9}.Release|Any CPU.ActiveCfg = Release|Any CPU
		{4A52E30D-B513-494D-84DD-EE8A7A4272D9}.Release|Any CPU.Build.0 = Release|Any CPU
		{19201FD3-2918-4487-B84A-0541B8FA2777}.Debug|Any CPU.ActiveCfg = Debug|Any CPU
		{19201FD3-2918-4487-B84A-0541B8FA2777}.Debug|Any CPU.Build.0 = Debug|Any CPU
		{19201FD3-2918-4487-B84A-0541B8FA2777}.Release|Any CPU.ActiveCfg = Release|Any CPU
		{19201FD3-2918-4487-B84A-0541B8FA2777}.Release|Any CPU.Build.0 = Release|Any CPU
	EndGlobalSection
	GlobalSection(SolutionProperties) = preSolution
		HideSolutionNode = FALSE
	EndGlobalSection
	GlobalSection(NestedProjects) = preSolution
		{2F373E5C-7FBB-4E28-AF2C-21C6B1EB34BF} = {31855BBD-01D6-4995-9977-6CA44491D174}
		{194171EF-F863-4C7B-A899-EB31BD5F1D20} = {31855BBD-01D6-4995-9977-6CA44491D174}
		{FEEB1383-7055-4606-8456-809315F0E0F7} = {31855BBD-01D6-4995-9977-6CA44491D174}
		{DDD9DEAE-5DDF-4160-8F7B-4D2277EE09B6} = {CCB1942F-4DC5-4CEE-9D62-EE33493C9933}
		{84DE524C-A6CF-41E0-928B-649C60174A2C} = {31855BBD-01D6-4995-9977-6CA44491D174}
		{B0B7D525-0335-4E4E-BBEB-977D85E6514B} = {31855BBD-01D6-4995-9977-6CA44491D174}
		{D002DBDD-D03A-480A-B648-4E3675D0B6B5} = {43345D8C-EDD8-4177-B1C1-AFDBE713909B}
		{47A698A3-C497-4D63-A397-4735CD3D2F90} = {43345D8C-EDD8-4177-B1C1-AFDBE713909B}
		{DFF3BFBE-7F80-48A0-B5CA-4687AF63979C} = {43345D8C-EDD8-4177-B1C1-AFDBE713909B}
		{83E53E9C-C9D2-4821-A4F5-5DBB1918CC0A} = {4A10A11E-22E4-4A1F-8128-46A9A55580D7}
		{E0FB8E4B-70E2-448A-B299-E8EFB61123F4} = {4A10A11E-22E4-4A1F-8128-46A9A55580D7}
		{4A52E30D-B513-494D-84DD-EE8A7A4272D9} = {4A10A11E-22E4-4A1F-8128-46A9A55580D7}
		{19201FD3-2918-4487-B84A-0541B8FA2777} = {4A10A11E-22E4-4A1F-8128-46A9A55580D7}
	EndGlobalSection
	GlobalSection(ExtensibilityGlobals) = postSolution
		SolutionGuid = {D11CE247-5FC4-4472-9913-48B1160B8260}
	EndGlobalSection
EndGlobal
